
Microsoft Visual Studio Solution File, Format Version 12.00
# Visual Studio Version 17
VisualStudioVersion = 17.3.32929.385
MinimumVisualStudioVersion = 10.0.40219.1
Project("{FAE04EC0-301F-11D3-BF4B-00C04F79EFBC}") = "LAB8WPF", "LAB8WPF\LAB8WPF.csproj", "{F04B31FD-5768-4635-9553-07C841D90D8E}"
EndProject
Global
	GlobalSection(SolutionConfigurationPlatforms) = preSolution
		Debug|Any CPU = Debug|Any CPU
		Release|Any CPU = Release|Any CPU
	EndGlobalSection
	GlobalSection(ProjectConfigurationPlatforms) = postSolution
		{F04B31FD-5768-4635-9553-07C841D90D8E}.Debug|Any CPU.ActiveCfg = Debug|Any CPU
		{F04B31FD-5768-4635-9553-07C841D90D8E}.Debug|Any CPU.Build.0 = Debug|Any CPU
		{F04B31FD-5768-4635-9553-07C841D90D8E}.Release|Any CPU.ActiveCfg = Release|Any CPU
		{F04B31FD-5768-4635-9553-07C841D90D8E}.Release|Any CPU.Build.0 = Release|Any CPU
	EndGlobalSection
	GlobalSection(SolutionProperties) = preSolution
		HideSolutionNode = FALSE
	EndGlobalSection
	GlobalSection(ExtensibilityGlobals) = postSolution
		SolutionGuid = {D21EE4BC-7843-416F-92EB-712852DF9195}
	EndGlobalSection
EndGlobal
